
Microsoft Visual Studio Solution File, Format Version 12.00
# Visual Studio 14
VisualStudioVersion = 14.0.25420.1
MinimumVisualStudioVersion = 10.0.40219.1
Project("{FAE04EC0-301F-11D3-BF4B-00C04F79EFBC}") = "Person_application", "Person_application\Person_application.csproj", "{16232033-B133-45E8-80E9-E280504BE080}"
EndProject
Project("{FAE04EC0-301F-11D3-BF4B-00C04F79EFBC}") = "tehtävä01", "tehtävä01\tehtävä01.csproj", "{260AC345-710C-422A-9B26-2D617ACEB020}"
EndProject
Project("{FAE04EC0-301F-11D3-BF4B-00C04F79EFBC}") = "tehtävä02", "tehtävä02\tehtävä02.csproj", "{F2BF25F8-4C2C-4467-9504-0BE1D80A38B3}"
EndProject
Project("{FAE04EC0-301F-11D3-BF4B-00C04F79EFBC}") = "tehtävä03", "tehtävä03\tehtävä03.csproj", "{67812464-6AAA-424C-A82F-0E48C50559B2}"
EndProject
Global
	GlobalSection(SolutionConfigurationPlatforms) = preSolution
		Debug|Any CPU = Debug|Any CPU
		Release|Any CPU = Release|Any CPU
	EndGlobalSection
	GlobalSection(ProjectConfigurationPlatforms) = postSolution
		{16232033-B133-45E8-80E9-E280504BE080}.Debug|Any CPU.ActiveCfg = Debug|Any CPU
		{16232033-B133-45E8-80E9-E280504BE080}.Debug|Any CPU.Build.0 = Debug|Any CPU
		{16232033-B133-45E8-80E9-E280504BE080}.Release|Any CPU.ActiveCfg = Release|Any CPU
		{16232033-B133-45E8-80E9-E280504BE080}.Release|Any CPU.Build.0 = Release|Any CPU
		{260AC345-710C-422A-9B26-2D617ACEB020}.Debug|Any CPU.ActiveCfg = Debug|Any CPU
		{260AC345-710C-422A-9B26-2D617ACEB020}.Debug|Any CPU.Build.0 = Debug|Any CPU
		{260AC345-710C-422A-9B26-2D617ACEB020}.Release|Any CPU.ActiveCfg = Release|Any CPU
		{260AC345-710C-422A-9B26-2D617ACEB020}.Release|Any CPU.Build.0 = Release|Any CPU
		{F2BF25F8-4C2C-4467-9504-0BE1D80A38B3}.Debug|Any CPU.ActiveCfg = Debug|Any CPU
		{F2BF25F8-4C2C-4467-9504-0BE1D80A38B3}.Debug|Any CPU.Build.0 = Debug|Any CPU
		{F2BF25F8-4C2C-4467-9504-0BE1D80A38B3}.Release|Any CPU.ActiveCfg = Release|Any CPU
		{F2BF25F8-4C2C-4467-9504-0BE1D80A38B3}.Release|Any CPU.Build.0 = Release|Any CPU
		{67812464-6AAA-424C-A82F-0E48C50559B2}.Debug|Any CPU.ActiveCfg = Debug|Any CPU
		{67812464-6AAA-424C-A82F-0E48C50559B2}.Debug|Any CPU.Build.0 = Debug|Any CPU
		{67812464-6AAA-424C-A82F-0E48C50559B2}.Release|Any CPU.ActiveCfg = Release|Any CPU
		{67812464-6AAA-424C-A82F-0E48C50559B2}.Release|Any CPU.Build.0 = Release|Any CPU
	EndGlobalSection
	GlobalSection(SolutionProperties) = preSolution
		HideSolutionNode = FALSE
	EndGlobalSection
EndGlobal
